
Microsoft Visual Studio Solution File, Format Version 12.00
# Visual Studio Version 17
VisualStudioVersion = 17.0.31903.59
MinimumVisualStudioVersion = 10.0.40219.1
Project("{2150E333-8FDC-42A3-9474-1A3956D46DE8}") = ".github", ".github", "{CA8C1640-52AC-456D-8F5E-4E018838EF87}"
EndProject
Project("{2150E333-8FDC-42A3-9474-1A3956D46DE8}") = "workflows", "workflows", "{E1F6D526-E47E-4D1A-AB4E-E4983C4E8435}"
	ProjectSection(SolutionItems) = preProject
		.github\workflows\build.yml = .github\workflows\build.yml
	EndProjectSection
EndProject
Project("{2150E333-8FDC-42A3-9474-1A3956D46DE8}") = "src", "src", "{5D92366C-AC91-43EE-94E1-A8E0492A169A}"
EndProject
Project("{2150E333-8FDC-42A3-9474-1A3956D46DE8}") = "BuildingBlocks", "BuildingBlocks", "{D04ABD69-27F1-4B27-A306-47EB31022D11}"
EndProject
Project("{2150E333-8FDC-42A3-9474-1A3956D46DE8}") = "Services", "Services", "{A1506B78-F218-4723-8282-2AFFB8F10E67}"
EndProject
Project("{2150E333-8FDC-42A3-9474-1A3956D46DE8}") = "Department", "Department", "{CA918DBD-CBED-455B-9327-A121E8136E9D}"
EndProject
Project("{2150E333-8FDC-42A3-9474-1A3956D46DE8}") = "User", "User", "{D5017B4A-BBA4-49A6-ABC4-880BF99B05A6}"
EndProject
Project("{2150E333-8FDC-42A3-9474-1A3956D46DE8}") = "Identity", "Identity", "{86B56408-A359-4F7C-96E3-8D912218C8A4}"
EndProject
Project("{2150E333-8FDC-42A3-9474-1A3956D46DE8}") = "Ticket", "Ticket", "{EC8110B8-6A54-4384-B296-055979DC1278}"
EndProject
Project("{9A19103F-16F7-4668-BE54-9A1E7A4F7556}") = "HD.Departments.Api", "src\services\HD.Departments.Api\HD.Departments.Api.csproj", "{D79D3E3C-7EFE-474B-9DE0-23E47609F35A}"
EndProject
Project("{9A19103F-16F7-4668-BE54-9A1E7A4F7556}") = "HD.Identity.Api", "src\services\HD.Identity.Api\HD.Identity.Api.csproj", "{D5541634-F69B-4BD2-8E37-0A495FFAB3B0}"
EndProject
Project("{9A19103F-16F7-4668-BE54-9A1E7A4F7556}") = "HD.Tickets.Api", "src\services\HD.Tickets.Api\HD.Tickets.Api.csproj", "{F8028ADD-A4A9-440E-89C7-9C1340AFCD3D}"
EndProject
Project("{9A19103F-16F7-4668-BE54-9A1E7A4F7556}") = "HD.Users.Api", "src\services\HD.Users.Api\HD.Users.Api.csproj", "{0E469A01-9847-4AAD-9602-DDCC286B49D9}"
EndProject
Global
	GlobalSection(SolutionConfigurationPlatforms) = preSolution
		Debug|Any CPU = Debug|Any CPU
		Release|Any CPU = Release|Any CPU
	EndGlobalSection
	GlobalSection(ProjectConfigurationPlatforms) = postSolution
		{D79D3E3C-7EFE-474B-9DE0-23E47609F35A}.Debug|Any CPU.ActiveCfg = Debug|Any CPU
		{D79D3E3C-7EFE-474B-9DE0-23E47609F35A}.Debug|Any CPU.Build.0 = Debug|Any CPU
		{D79D3E3C-7EFE-474B-9DE0-23E47609F35A}.Release|Any CPU.ActiveCfg = Release|Any CPU
		{D79D3E3C-7EFE-474B-9DE0-23E47609F35A}.Release|Any CPU.Build.0 = Release|Any CPU
		{D5541634-F69B-4BD2-8E37-0A495FFAB3B0}.Debug|Any CPU.ActiveCfg = Debug|Any CPU
		{D5541634-F69B-4BD2-8E37-0A495FFAB3B0}.Debug|Any CPU.Build.0 = Debug|Any CPU
		{D5541634-F69B-4BD2-8E37-0A495FFAB3B0}.Release|Any CPU.ActiveCfg = Release|Any CPU
		{D5541634-F69B-4BD2-8E37-0A495FFAB3B0}.Release|Any CPU.Build.0 = Release|Any CPU
		{F8028ADD-A4A9-440E-89C7-9C1340AFCD3D}.Debug|Any CPU.ActiveCfg = Debug|Any CPU
		{F8028ADD-A4A9-440E-89C7-9C1340AFCD3D}.Debug|Any CPU.Build.0 = Debug|Any CPU
		{F8028ADD-A4A9-440E-89C7-9C1340AFCD3D}.Release|Any CPU.ActiveCfg = Release|Any CPU
		{F8028ADD-A4A9-440E-89C7-9C1340AFCD3D}.Release|Any CPU.Build.0 = Release|Any CPU
		{0E469A01-9847-4AAD-9602-DDCC286B49D9}.Debug|Any CPU.ActiveCfg = Debug|Any CPU
		{0E469A01-9847-4AAD-9602-DDCC286B49D9}.Debug|Any CPU.Build.0 = Debug|Any CPU
		{0E469A01-9847-4AAD-9602-DDCC286B49D9}.Release|Any CPU.ActiveCfg = Release|Any CPU
		{0E469A01-9847-4AAD-9602-DDCC286B49D9}.Release|Any CPU.Build.0 = Release|Any CPU
	EndGlobalSection
	GlobalSection(SolutionProperties) = preSolution
		HideSolutionNode = FALSE
	EndGlobalSection
	GlobalSection(NestedProjects) = preSolution
		{E1F6D526-E47E-4D1A-AB4E-E4983C4E8435} = {CA8C1640-52AC-456D-8F5E-4E018838EF87}
		{D04ABD69-27F1-4B27-A306-47EB31022D11} = {5D92366C-AC91-43EE-94E1-A8E0492A169A}
		{A1506B78-F218-4723-8282-2AFFB8F10E67} = {5D92366C-AC91-43EE-94E1-A8E0492A169A}
		{CA918DBD-CBED-455B-9327-A121E8136E9D} = {A1506B78-F218-4723-8282-2AFFB8F10E67}
		{D5017B4A-BBA4-49A6-ABC4-880BF99B05A6} = {A1506B78-F218-4723-8282-2AFFB8F10E67}
		{86B56408-A359-4F7C-96E3-8D912218C8A4} = {A1506B78-F218-4723-8282-2AFFB8F10E67}
		{EC8110B8-6A54-4384-B296-055979DC1278} = {A1506B78-F218-4723-8282-2AFFB8F10E67}
		{D79D3E3C-7EFE-474B-9DE0-23E47609F35A} = {CA918DBD-CBED-455B-9327-A121E8136E9D}
		{D5541634-F69B-4BD2-8E37-0A495FFAB3B0} = {86B56408-A359-4F7C-96E3-8D912218C8A4}
		{F8028ADD-A4A9-440E-89C7-9C1340AFCD3D} = {EC8110B8-6A54-4384-B296-055979DC1278}
		{0E469A01-9847-4AAD-9602-DDCC286B49D9} = {D5017B4A-BBA4-49A6-ABC4-880BF99B05A6}
	EndGlobalSection
	GlobalSection(ExtensibilityGlobals) = postSolution
		SolutionGuid = {26D77C7F-DE6E-40F1-B406-CC1388C78B79}
	EndGlobalSection
EndGlobal
