
Microsoft Visual Studio Solution File, Format Version 12.00
# Visual Studio Version 17
VisualStudioVersion = 17.0.31903.59
MinimumVisualStudioVersion = 10.0.40219.1
Project("{2150E333-8FDC-42A3-9474-1A3956D46DE8}") = ".github", ".github", "{CA8C1640-52AC-456D-8F5E-4E018838EF87}"
EndProject
Project("{2150E333-8FDC-42A3-9474-1A3956D46DE8}") = "workflows", "workflows", "{E1F6D526-E47E-4D1A-AB4E-E4983C4E8435}"
	ProjectSection(SolutionItems) = preProject
		.github\workflows\build.yml = .github\workflows\build.yml
	EndProjectSection
EndProject
Project("{2150E333-8FDC-42A3-9474-1A3956D46DE8}") = "src", "src", "{5D92366C-AC91-43EE-94E1-A8E0492A169A}"
EndProject
Project("{2150E333-8FDC-42A3-9474-1A3956D46DE8}") = "BuildingBlocks", "BuildingBlocks", "{D04ABD69-27F1-4B27-A306-47EB31022D11}"
EndProject
Project("{2150E333-8FDC-42A3-9474-1A3956D46DE8}") = "Modules", "Modules", "{A1506B78-F218-4723-8282-2AFFB8F10E67}"
EndProject
Project("{2150E333-8FDC-42A3-9474-1A3956D46DE8}") = "Department", "Department", "{CA918DBD-CBED-455B-9327-A121E8136E9D}"
EndProject
Project("{FAE04EC0-301F-11D3-BF4B-00C04F79EFBC}") = "HD.Departments.Api", "src\modules\HD.Departments.Api\HD.Departments.Api.csproj", "{8E07DFDC-C9C9-46DD-9F20-C5151E9B9F77}"
EndProject
Project("{2150E333-8FDC-42A3-9474-1A3956D46DE8}") = "Employee", "Employee", "{D5017B4A-BBA4-49A6-ABC4-880BF99B05A6}"
EndProject
Project("{FAE04EC0-301F-11D3-BF4B-00C04F79EFBC}") = "HD.Employees.Api", "src\modules\HD.Employees.Api\HD.Employees.Api.csproj", "{A934ADAE-ED83-4F2F-80CC-D47AC4080D72}"
EndProject
Project("{2150E333-8FDC-42A3-9474-1A3956D46DE8}") = "Identity", "Identity", "{86B56408-A359-4F7C-96E3-8D912218C8A4}"
EndProject
Project("{FAE04EC0-301F-11D3-BF4B-00C04F79EFBC}") = "HD.Identity.Api", "src\modules\HD.Identity.Api\HD.Identity.Api.csproj", "{5E5F5F92-822C-4634-A952-1E2B739BF25C}"
EndProject
Project("{2150E333-8FDC-42A3-9474-1A3956D46DE8}") = "Ticket", "Ticket", "{EC8110B8-6A54-4384-B296-055979DC1278}"
EndProject
Project("{FAE04EC0-301F-11D3-BF4B-00C04F79EFBC}") = "HD.Tickets.Api", "src\modules\HD.Tickets.Api\HD.Tickets.Api.csproj", "{D7600480-6065-476B-981F-1BAD9FFC868C}"
EndProject
Global
	GlobalSection(SolutionConfigurationPlatforms) = preSolution
		Debug|Any CPU = Debug|Any CPU
		Release|Any CPU = Release|Any CPU
	EndGlobalSection
	GlobalSection(ProjectConfigurationPlatforms) = postSolution
		{8E07DFDC-C9C9-46DD-9F20-C5151E9B9F77}.Debug|Any CPU.ActiveCfg = Debug|Any CPU
		{8E07DFDC-C9C9-46DD-9F20-C5151E9B9F77}.Debug|Any CPU.Build.0 = Debug|Any CPU
		{8E07DFDC-C9C9-46DD-9F20-C5151E9B9F77}.Release|Any CPU.ActiveCfg = Release|Any CPU
		{8E07DFDC-C9C9-46DD-9F20-C5151E9B9F77}.Release|Any CPU.Build.0 = Release|Any CPU
		{A934ADAE-ED83-4F2F-80CC-D47AC4080D72}.Debug|Any CPU.ActiveCfg = Debug|Any CPU
		{A934ADAE-ED83-4F2F-80CC-D47AC4080D72}.Debug|Any CPU.Build.0 = Debug|Any CPU
		{A934ADAE-ED83-4F2F-80CC-D47AC4080D72}.Release|Any CPU.ActiveCfg = Release|Any CPU
		{A934ADAE-ED83-4F2F-80CC-D47AC4080D72}.Release|Any CPU.Build.0 = Release|Any CPU
		{5E5F5F92-822C-4634-A952-1E2B739BF25C}.Debug|Any CPU.ActiveCfg = Debug|Any CPU
		{5E5F5F92-822C-4634-A952-1E2B739BF25C}.Debug|Any CPU.Build.0 = Debug|Any CPU
		{5E5F5F92-822C-4634-A952-1E2B739BF25C}.Release|Any CPU.ActiveCfg = Release|Any CPU
		{5E5F5F92-822C-4634-A952-1E2B739BF25C}.Release|Any CPU.Build.0 = Release|Any CPU
		{D7600480-6065-476B-981F-1BAD9FFC868C}.Debug|Any CPU.ActiveCfg = Debug|Any CPU
		{D7600480-6065-476B-981F-1BAD9FFC868C}.Debug|Any CPU.Build.0 = Debug|Any CPU
		{D7600480-6065-476B-981F-1BAD9FFC868C}.Release|Any CPU.ActiveCfg = Release|Any CPU
		{D7600480-6065-476B-981F-1BAD9FFC868C}.Release|Any CPU.Build.0 = Release|Any CPU
	EndGlobalSection
	GlobalSection(SolutionProperties) = preSolution
		HideSolutionNode = FALSE
	EndGlobalSection
	GlobalSection(NestedProjects) = preSolution
		{E1F6D526-E47E-4D1A-AB4E-E4983C4E8435} = {CA8C1640-52AC-456D-8F5E-4E018838EF87}
		{D04ABD69-27F1-4B27-A306-47EB31022D11} = {5D92366C-AC91-43EE-94E1-A8E0492A169A}
		{A1506B78-F218-4723-8282-2AFFB8F10E67} = {5D92366C-AC91-43EE-94E1-A8E0492A169A}
		{CA918DBD-CBED-455B-9327-A121E8136E9D} = {A1506B78-F218-4723-8282-2AFFB8F10E67}
		{8E07DFDC-C9C9-46DD-9F20-C5151E9B9F77} = {CA918DBD-CBED-455B-9327-A121E8136E9D}
		{D5017B4A-BBA4-49A6-ABC4-880BF99B05A6} = {A1506B78-F218-4723-8282-2AFFB8F10E67}
		{A934ADAE-ED83-4F2F-80CC-D47AC4080D72} = {D5017B4A-BBA4-49A6-ABC4-880BF99B05A6}
		{86B56408-A359-4F7C-96E3-8D912218C8A4} = {A1506B78-F218-4723-8282-2AFFB8F10E67}
		{5E5F5F92-822C-4634-A952-1E2B739BF25C} = {86B56408-A359-4F7C-96E3-8D912218C8A4}
		{EC8110B8-6A54-4384-B296-055979DC1278} = {A1506B78-F218-4723-8282-2AFFB8F10E67}
		{D7600480-6065-476B-981F-1BAD9FFC868C} = {EC8110B8-6A54-4384-B296-055979DC1278}
	EndGlobalSection
	GlobalSection(ExtensibilityGlobals) = postSolution
		SolutionGuid = {26D77C7F-DE6E-40F1-B406-CC1388C78B79}
	EndGlobalSection
EndGlobal
