
Microsoft Visual Studio Solution File, Format Version 12.00
# Visual Studio Version 17
VisualStudioVersion = 17.0.31903.59
MinimumVisualStudioVersion = 10.0.40219.1
Project("{2150E333-8FDC-42A3-9474-1A3956D46DE8}") = ".github", ".github", "{CA8C1640-52AC-456D-8F5E-4E018838EF87}"
EndProject
Project("{2150E333-8FDC-42A3-9474-1A3956D46DE8}") = "workflows", "workflows", "{E1F6D526-E47E-4D1A-AB4E-E4983C4E8435}"
	ProjectSection(SolutionItems) = preProject
		..\.github\workflows\build.yml = ..\.github\workflows\build.yml
	EndProjectSection
EndProject
Project("{2150E333-8FDC-42A3-9474-1A3956D46DE8}") = "src", "src", "{5D92366C-AC91-43EE-94E1-A8E0492A169A}"
EndProject
Project("{2150E333-8FDC-42A3-9474-1A3956D46DE8}") = "BuildingBlocks", "BuildingBlocks", "{D04ABD69-27F1-4B27-A306-47EB31022D11}"
EndProject
Project("{2150E333-8FDC-42A3-9474-1A3956D46DE8}") = "Services", "Services", "{A1506B78-F218-4723-8282-2AFFB8F10E67}"
EndProject
Project("{2150E333-8FDC-42A3-9474-1A3956D46DE8}") = "Department", "Department", "{CA918DBD-CBED-455B-9327-A121E8136E9D}"
EndProject
Project("{2150E333-8FDC-42A3-9474-1A3956D46DE8}") = "User", "User", "{D5017B4A-BBA4-49A6-ABC4-880BF99B05A6}"
EndProject
Project("{2150E333-8FDC-42A3-9474-1A3956D46DE8}") = "Identity", "Identity", "{86B56408-A359-4F7C-96E3-8D912218C8A4}"
EndProject
Project("{2150E333-8FDC-42A3-9474-1A3956D46DE8}") = "Ticket", "Ticket", "{EC8110B8-6A54-4384-B296-055979DC1278}"
EndProject
Project("{9A19103F-16F7-4668-BE54-9A1E7A4F7556}") = "HD.Identity.Api", "src\services\HD.Identity.Api\HD.Identity.Api.csproj", "{8936CE34-E193-481A-A441-B7B1A28FD3D3}"
EndProject
Project("{9A19103F-16F7-4668-BE54-9A1E7A4F7556}") = "HD.Departments.Api", "src\services\HD.Departments.Api\HD.Departments.Api.csproj", "{36D9615B-6B28-41F3-828D-4DE6E0AA4659}"
EndProject
Project("{9A19103F-16F7-4668-BE54-9A1E7A4F7556}") = "HD.Tickets.Api", "src\services\HD.Tickets.Api\HD.Tickets.Api.csproj", "{153F3AAC-5ADD-4D5F-A112-FB7854AB8429}"
EndProject
Project("{9A19103F-16F7-4668-BE54-9A1E7A4F7556}") = "HD.Users.Api", "src\services\HD.Users.Api\HD.Users.Api.csproj", "{DE096DF0-1F62-4B59-9FAF-9C2BB45EC21B}"
EndProject
Project("{2150E333-8FDC-42A3-9474-1A3956D46DE8}") = "Core", "Core", "{EBA56B54-245E-4CA4-A063-41626D6B3393}"
EndProject
Project("{9A19103F-16F7-4668-BE54-9A1E7A4F7556}") = "HD.Core", "src\buildingBlocks\HD.Core\HD.Core.csproj", "{72935A3B-B5C9-40E8-806E-9B801B7950CA}"
EndProject
Project("{2150E333-8FDC-42A3-9474-1A3956D46DE8}") = "Services", "Services", "{1EE7E3BE-39CA-4CA6-9519-7EF6745D9293}"
EndProject
Project("{9A19103F-16F7-4668-BE54-9A1E7A4F7556}") = "HD.WebApi.Core", "src\buildingBlocks\HD.WebApi.Core\HD.WebApi.Core.csproj", "{46DC37E4-A65E-4417-85D0-C947F807FCF3}"
EndProject
Project("{2150E333-8FDC-42A3-9474-1A3956D46DE8}") = "MessageBus", "MessageBus", "{CFF14B97-7B7E-4FB0-82FC-9700D9FB8167}"
EndProject
Project("{9A19103F-16F7-4668-BE54-9A1E7A4F7556}") = "HD.MessageBus", "src\buildingBlocks\HD.MessageBus\HD.MessageBus.csproj", "{A0678C8D-714C-4B6A-BE6F-125D8CC0EF5F}"
EndProject
Global
	GlobalSection(SolutionConfigurationPlatforms) = preSolution
		Debug|Any CPU = Debug|Any CPU
		Release|Any CPU = Release|Any CPU
	EndGlobalSection
	GlobalSection(ProjectConfigurationPlatforms) = postSolution
		{8936CE34-E193-481A-A441-B7B1A28FD3D3}.Debug|Any CPU.ActiveCfg = Debug|Any CPU
		{8936CE34-E193-481A-A441-B7B1A28FD3D3}.Debug|Any CPU.Build.0 = Debug|Any CPU
		{8936CE34-E193-481A-A441-B7B1A28FD3D3}.Release|Any CPU.ActiveCfg = Release|Any CPU
		{8936CE34-E193-481A-A441-B7B1A28FD3D3}.Release|Any CPU.Build.0 = Release|Any CPU
		{36D9615B-6B28-41F3-828D-4DE6E0AA4659}.Debug|Any CPU.ActiveCfg = Debug|Any CPU
		{36D9615B-6B28-41F3-828D-4DE6E0AA4659}.Debug|Any CPU.Build.0 = Debug|Any CPU
		{36D9615B-6B28-41F3-828D-4DE6E0AA4659}.Release|Any CPU.ActiveCfg = Release|Any CPU
		{36D9615B-6B28-41F3-828D-4DE6E0AA4659}.Release|Any CPU.Build.0 = Release|Any CPU
		{153F3AAC-5ADD-4D5F-A112-FB7854AB8429}.Debug|Any CPU.ActiveCfg = Debug|Any CPU
		{153F3AAC-5ADD-4D5F-A112-FB7854AB8429}.Debug|Any CPU.Build.0 = Debug|Any CPU
		{153F3AAC-5ADD-4D5F-A112-FB7854AB8429}.Release|Any CPU.ActiveCfg = Release|Any CPU
		{153F3AAC-5ADD-4D5F-A112-FB7854AB8429}.Release|Any CPU.Build.0 = Release|Any CPU
		{DE096DF0-1F62-4B59-9FAF-9C2BB45EC21B}.Debug|Any CPU.ActiveCfg = Debug|Any CPU
		{DE096DF0-1F62-4B59-9FAF-9C2BB45EC21B}.Debug|Any CPU.Build.0 = Debug|Any CPU
		{DE096DF0-1F62-4B59-9FAF-9C2BB45EC21B}.Release|Any CPU.ActiveCfg = Release|Any CPU
		{DE096DF0-1F62-4B59-9FAF-9C2BB45EC21B}.Release|Any CPU.Build.0 = Release|Any CPU
		{72935A3B-B5C9-40E8-806E-9B801B7950CA}.Debug|Any CPU.ActiveCfg = Debug|Any CPU
		{72935A3B-B5C9-40E8-806E-9B801B7950CA}.Debug|Any CPU.Build.0 = Debug|Any CPU
		{72935A3B-B5C9-40E8-806E-9B801B7950CA}.Release|Any CPU.ActiveCfg = Release|Any CPU
		{72935A3B-B5C9-40E8-806E-9B801B7950CA}.Release|Any CPU.Build.0 = Release|Any CPU
		{46DC37E4-A65E-4417-85D0-C947F807FCF3}.Debug|Any CPU.ActiveCfg = Debug|Any CPU
		{46DC37E4-A65E-4417-85D0-C947F807FCF3}.Debug|Any CPU.Build.0 = Debug|Any CPU
		{46DC37E4-A65E-4417-85D0-C947F807FCF3}.Release|Any CPU.ActiveCfg = Release|Any CPU
		{46DC37E4-A65E-4417-85D0-C947F807FCF3}.Release|Any CPU.Build.0 = Release|Any CPU
		{A0678C8D-714C-4B6A-BE6F-125D8CC0EF5F}.Debug|Any CPU.ActiveCfg = Debug|Any CPU
		{A0678C8D-714C-4B6A-BE6F-125D8CC0EF5F}.Debug|Any CPU.Build.0 = Debug|Any CPU
		{A0678C8D-714C-4B6A-BE6F-125D8CC0EF5F}.Release|Any CPU.ActiveCfg = Release|Any CPU
		{A0678C8D-714C-4B6A-BE6F-125D8CC0EF5F}.Release|Any CPU.Build.0 = Release|Any CPU
	EndGlobalSection
	GlobalSection(SolutionProperties) = preSolution
		HideSolutionNode = FALSE
	EndGlobalSection
	GlobalSection(NestedProjects) = preSolution
		{E1F6D526-E47E-4D1A-AB4E-E4983C4E8435} = {CA8C1640-52AC-456D-8F5E-4E018838EF87}
		{D04ABD69-27F1-4B27-A306-47EB31022D11} = {5D92366C-AC91-43EE-94E1-A8E0492A169A}
		{A1506B78-F218-4723-8282-2AFFB8F10E67} = {5D92366C-AC91-43EE-94E1-A8E0492A169A}
		{CA918DBD-CBED-455B-9327-A121E8136E9D} = {A1506B78-F218-4723-8282-2AFFB8F10E67}
		{D5017B4A-BBA4-49A6-ABC4-880BF99B05A6} = {A1506B78-F218-4723-8282-2AFFB8F10E67}
		{86B56408-A359-4F7C-96E3-8D912218C8A4} = {A1506B78-F218-4723-8282-2AFFB8F10E67}
		{EC8110B8-6A54-4384-B296-055979DC1278} = {A1506B78-F218-4723-8282-2AFFB8F10E67}
		{8936CE34-E193-481A-A441-B7B1A28FD3D3} = {86B56408-A359-4F7C-96E3-8D912218C8A4}
		{36D9615B-6B28-41F3-828D-4DE6E0AA4659} = {CA918DBD-CBED-455B-9327-A121E8136E9D}
		{153F3AAC-5ADD-4D5F-A112-FB7854AB8429} = {EC8110B8-6A54-4384-B296-055979DC1278}
		{DE096DF0-1F62-4B59-9FAF-9C2BB45EC21B} = {D5017B4A-BBA4-49A6-ABC4-880BF99B05A6}
		{EBA56B54-245E-4CA4-A063-41626D6B3393} = {D04ABD69-27F1-4B27-A306-47EB31022D11}
		{72935A3B-B5C9-40E8-806E-9B801B7950CA} = {EBA56B54-245E-4CA4-A063-41626D6B3393}
		{1EE7E3BE-39CA-4CA6-9519-7EF6745D9293} = {D04ABD69-27F1-4B27-A306-47EB31022D11}
		{46DC37E4-A65E-4417-85D0-C947F807FCF3} = {1EE7E3BE-39CA-4CA6-9519-7EF6745D9293}
		{CFF14B97-7B7E-4FB0-82FC-9700D9FB8167} = {D04ABD69-27F1-4B27-A306-47EB31022D11}
		{A0678C8D-714C-4B6A-BE6F-125D8CC0EF5F} = {CFF14B97-7B7E-4FB0-82FC-9700D9FB8167}
	EndGlobalSection
	GlobalSection(ExtensibilityGlobals) = postSolution
		SolutionGuid = {26D77C7F-DE6E-40F1-B406-CC1388C78B79}
	EndGlobalSection
EndGlobal
